
Microsoft Visual Studio Solution File, Format Version 12.00
# Visual Studio Version 17
VisualStudioVersion = 17.5.33516.290
MinimumVisualStudioVersion = 10.0.40219.1
Project("{FAE04EC0-301F-11D3-BF4B-00C04F79EFBC}") = "Sets", "Sets.csproj", "{B1E9A37F-E195-44F1-83FF-AE7DB7FB63FE}"
EndProject
Global
	GlobalSection(SolutionConfigurationPlatforms) = preSolution
		Debug|Any CPU = Debug|Any CPU
		Release|Any CPU = Release|Any CPU
	EndGlobalSection
	GlobalSection(ProjectConfigurationPlatforms) = postSolution
		{B1E9A37F-E195-44F1-83FF-AE7DB7FB63FE}.Debug|Any CPU.ActiveCfg = Debug|Any CPU
		{B1E9A37F-E195-44F1-83FF-AE7DB7FB63FE}.Debug|Any CPU.Build.0 = Debug|Any CPU
		{B1E9A37F-E195-44F1-83FF-AE7DB7FB63FE}.Release|Any CPU.ActiveCfg = Release|Any CPU
		{B1E9A37F-E195-44F1-83FF-AE7DB7FB63FE}.Release|Any CPU.Build.0 = Release|Any CPU
	EndGlobalSection
	GlobalSection(SolutionProperties) = preSolution
		HideSolutionNode = FALSE
	EndGlobalSection
	GlobalSection(ExtensibilityGlobals) = postSolution
		SolutionGuid = {D363E203-BF20-4A92-8041-20F09293A54D}
	EndGlobalSection
EndGlobal
